# This file is automatically @generated by Cargo.
# It is not intended for manual editing.
version = 3

[[package]]
name = "anyhow"
version = "1.0.83"
source = "registry+https://github.com/rust-lang/crates.io-index"
checksum = "25bdb32cbbdce2b519a9cd7df3a678443100e265d5e25ca763b7572a5104f5f3"

[[package]]
name = "event-db"
version = "0.1.0"
dependencies = [
 "anyhow",
]

[[package]]
name = "event-scraper"
version = "0.1.0"
dependencies = [
 "anyhow",
]

[[package]]
name = "event-ui"
version = "0.1.0"
dependencies = [
 "anyhow",
]
